
Microsoft Visual Studio Solution File, Format Version 12.00
# Visual Studio Version 16
VisualStudioVersion = 16.0.29709.97
MinimumVisualStudioVersion = 10.0.40219.1
Project("{FAE04EC0-301F-11D3-BF4B-00C04F79EFBC}") = "Method", "Method.csproj", "{02CB00CB-4EC6-449B-BF30-2DDBEB91D257}"
EndProject
Global
	GlobalSection(SolutionConfigurationPlatforms) = preSolution
		Debug|Any CPU = Debug|Any CPU
		Release|Any CPU = Release|Any CPU
	EndGlobalSection
	GlobalSection(ProjectConfigurationPlatforms) = postSolution
		{02CB00CB-4EC6-449B-BF30-2DDBEB91D257}.Debug|Any CPU.ActiveCfg = Debug|Any CPU
		{02CB00CB-4EC6-449B-BF30-2DDBEB91D257}.Debug|Any CPU.Build.0 = Debug|Any CPU
		{02CB00CB-4EC6-449B-BF30-2DDBEB91D257}.Release|Any CPU.ActiveCfg = Release|Any CPU
		{02CB00CB-4EC6-449B-BF30-2DDBEB91D257}.Release|Any CPU.Build.0 = Release|Any CPU
	EndGlobalSection
	GlobalSection(SolutionProperties) = preSolution
		HideSolutionNode = FALSE
	EndGlobalSection
	GlobalSection(ExtensibilityGlobals) = postSolution
		SolutionGuid = {5AAA4A64-5470-494F-8BEF-0A3ADC1DF1FF}
	EndGlobalSection
EndGlobal
